
Microsoft Visual Studio Solution File, Format Version 12.00
# Visual Studio 15
VisualStudioVersion = 15.0.27703.2035
MinimumVisualStudioVersion = 10.0.40219.1
Project("{9A19103F-16F7-4668-BE54-9A1E7A4F7556}") = "InnovaMRBot", "InnovaMRBot\InnovaMRBot.csproj", "{278B2361-BDA7-4B11-AA2A-CC98F1A828BA}"
EndProject
Project("{FAE04EC0-301F-11D3-BF4B-00C04F79EFBC}") = "InnovaMRBotTest", "InnovaMRBotTest\InnovaMRBotTest.csproj", "{6EAC7DE7-9274-4469-8D2A-C88C751BF1E9}"
EndProject
Global
	GlobalSection(SolutionConfigurationPlatforms) = preSolution
		Debug|Any CPU = Debug|Any CPU
		Release|Any CPU = Release|Any CPU
	EndGlobalSection
	GlobalSection(ProjectConfigurationPlatforms) = postSolution
		{278B2361-BDA7-4B11-AA2A-CC98F1A828BA}.Debug|Any CPU.ActiveCfg = Debug|Any CPU
		{278B2361-BDA7-4B11-AA2A-CC98F1A828BA}.Debug|Any CPU.Build.0 = Debug|Any CPU
		{278B2361-BDA7-4B11-AA2A-CC98F1A828BA}.Release|Any CPU.ActiveCfg = Release|Any CPU
		{278B2361-BDA7-4B11-AA2A-CC98F1A828BA}.Release|Any CPU.Build.0 = Release|Any CPU
		{6EAC7DE7-9274-4469-8D2A-C88C751BF1E9}.Debug|Any CPU.ActiveCfg = Debug|Any CPU
		{6EAC7DE7-9274-4469-8D2A-C88C751BF1E9}.Debug|Any CPU.Build.0 = Debug|Any CPU
		{6EAC7DE7-9274-4469-8D2A-C88C751BF1E9}.Release|Any CPU.ActiveCfg = Release|Any CPU
		{6EAC7DE7-9274-4469-8D2A-C88C751BF1E9}.Release|Any CPU.Build.0 = Release|Any CPU
	EndGlobalSection
	GlobalSection(SolutionProperties) = preSolution
		HideSolutionNode = FALSE
	EndGlobalSection
	GlobalSection(ExtensibilityGlobals) = postSolution
		SolutionGuid = {1049420F-A40F-4927-829A-89A228D43A07}
	EndGlobalSection
EndGlobal
